# THIS IS AN AUTOGENERATED FILE. DO NOT EDIT THIS FILE DIRECTLY.
# yarn lockfile v1


buffer-equal@0.0.1:
  version "0.0.1"
  resolved "https://registry.yarnpkg.com/buffer-equal/-/buffer-equal-0.0.1.tgz#91bc74b11ea405bc916bc6aa908faafa5b4aac4b"
  integrity sha1-kbx0sR6kBbyRa8aqkI+q+ltKrEs=

isnumber@^1.0.0:
  version "1.0.0"
  resolved "https://registry.yarnpkg.com/isnumber/-/isnumber-1.0.0.tgz#0e3f9759b581d99dd85086f0ec2a74909cfadd01"
  integrity sha1-Dj+XWbWB2Z3YUIbw7Cp0kJz63QE=

jpeg-js@0.0.4:
  version "0.0.4"
  resolved "https://registry.yarnpkg.com/jpeg-js/-/jpeg-js-0.0.4.tgz#06aaf47efec7af0b1924a59cd695a6d2b5ed870e"
  integrity sha1-Bqr0fv7HrwsZJKWc1pWm0rXthw4=

omggif@^1.0.5:
  version "1.0.9"
  resolved "https://registry.yarnpkg.com/omggif/-/omggif-1.0.9.tgz#dcb7024dacd50c52b4d303f04802c91c057c765f"
  integrity sha1-3LcCTazVDFK00wPwSALJHAV8dl8=

pngparse@^2.0.1:
  version "2.0.1"
  resolved "https://registry.yarnpkg.com/pngparse/-/pngparse-2.0.1.tgz#86852de4de349f4efb1e852e7525655e5ac5dfb8"
  integrity sha1-hoUt5N40n077HoUudSVlXlrF37g=

readimage@*:
  version "1.1.1"
  resolved "https://registry.yarnpkg.com/readimage/-/readimage-1.1.1.tgz#4cd23652a7bdea595d521fd254feea2692e5c35c"
  integrity sha1-TNI2Uqe96lldUh/SVP7qJpLlw1w=
  dependencies:
    buffer-equal "0.0.1"
    isnumber "^1.0.0"
    jpeg-js "0.0.4"
    omggif "^1.0.5"
    pngparse "^2.0.1"
